// !$*UTF8*$!
{
	archiveVersion = 1;
	classes = {
	};
	objectVersion = 46;
	objects = {

/* Begin PBXBuildFile section */
		48E30BB51C7FB23400C86272 /* ProfileViewController.swift in Sources */ = {isa = PBXBuildFile; fileRef = 48E30BB41C7FB23400C86272 /* ProfileViewController.swift */; };
		48E30BBB1C80B7C900C86272 /* SelectPlayerViewController.swift in Sources */ = {isa = PBXBuildFile; fileRef = 48E30BBA1C80B7C900C86272 /* SelectPlayerViewController.swift */; };
		48E30BBD1C80B86400C86272 /* ConnectionManager.swift in Sources */ = {isa = PBXBuildFile; fileRef = 48E30BBC1C80B86400C86272 /* ConnectionManager.swift */; };
		48E30BBF1C80CC0900C86272 /* OnlineTableCell.swift in Sources */ = {isa = PBXBuildFile; fileRef = 48E30BBE1C80CC0900C86272 /* OnlineTableCell.swift */; };
		48E30BC11C80E0D200C86272 /* PlayerCollectionCell.swift in Sources */ = {isa = PBXBuildFile; fileRef = 48E30BC01C80E0D200C86272 /* PlayerCollectionCell.swift */; };
		48E30BC31C80EA2400C86272 /* ConnectedCollectionCell.swift in Sources */ = {isa = PBXBuildFile; fileRef = 48E30BC21C80EA2400C86272 /* ConnectedCollectionCell.swift */; };
		48E30BC71C82896400C86272 /* Planet.jpg in Resources */ = {isa = PBXBuildFile; fileRef = 48E30BC61C82896400C86272 /* Planet.jpg */; };
		48E30BCB1C835D1800C86272 /* UpdatesCollectionCell.swift in Sources */ = {isa = PBXBuildFile; fileRef = 48E30BCA1C835D1800C86272 /* UpdatesCollectionCell.swift */; };
		48E30BCD1C83689100C86272 /* ChooseGameViewController.swift in Sources */ = {isa = PBXBuildFile; fileRef = 48E30BCC1C83689100C86272 /* ChooseGameViewController.swift */; };
		48E30BCF1C84B75600C86272 /* DrawingViewController.swift in Sources */ = {isa = PBXBuildFile; fileRef = 48E30BCE1C84B75600C86272 /* DrawingViewController.swift */; };
		48E30BD31C84B7AE00C86272 /* Line.swift in Sources */ = {isa = PBXBuildFile; fileRef = 48E30BD21C84B7AE00C86272 /* Line.swift */; };
		48E30BD51C84BEAA00C86272 /* DrawView.swift in Sources */ = {isa = PBXBuildFile; fileRef = 48E30BD41C84BEAA00C86272 /* DrawView.swift */; };
		48E30BD71C84F34100C86272 /* DrawingCollectionViewController.swift in Sources */ = {isa = PBXBuildFile; fileRef = 48E30BD61C84F34100C86272 /* DrawingCollectionViewController.swift */; };
		48E30BD91C84F3E500C86272 /* DrawingCollectionViewCell.swift in Sources */ = {isa = PBXBuildFile; fileRef = 48E30BD81C84F3E500C86272 /* DrawingCollectionViewCell.swift */; };
		48F6051F1C7F6E9E003056D3 /* AppDelegate.swift in Sources */ = {isa = PBXBuildFile; fileRef = 48F6051E1C7F6E9E003056D3 /* AppDelegate.swift */; };
		48F605211C7F6E9E003056D3 /* ViewController.swift in Sources */ = {isa = PBXBuildFile; fileRef = 48F605201C7F6E9E003056D3 /* ViewController.swift */; };
		48F605241C7F6E9E003056D3 /* Main.storyboard in Resources */ = {isa = PBXBuildFile; fileRef = 48F605221C7F6E9E003056D3 /* Main.storyboard */; };
		48F605261C7F6E9E003056D3 /* Assets.xcassets in Resources */ = {isa = PBXBuildFile; fileRef = 48F605251C7F6E9E003056D3 /* Assets.xcassets */; };
		48F605291C7F6E9E003056D3 /* LaunchScreen.storyboard in Resources */ = {isa = PBXBuildFile; fileRef = 48F605271C7F6E9E003056D3 /* LaunchScreen.storyboard */; };
/* End PBXBuildFile section */

/* Begin PBXFileReference section */
		48E30BB41C7FB23400C86272 /* ProfileViewController.swift */ = {isa = PBXFileReference; fileEncoding = 4; lastKnownFileType = sourcecode.swift; name = ProfileViewController.swift; path = ../ProfileViewController.swift; sourceTree = "<group>"; };
		48E30BBA1C80B7C900C86272 /* SelectPlayerViewController.swift */ = {isa = PBXFileReference; fileEncoding = 4; lastKnownFileType = sourcecode.swift; path = SelectPlayerViewController.swift; sourceTree = "<group>"; };
		48E30BBC1C80B86400C86272 /* ConnectionManager.swift */ = {isa = PBXFileReference; fileEncoding = 4; lastKnownFileType = sourcecode.swift; path = ConnectionManager.swift; sourceTree = "<group>"; };
		48E30BBE1C80CC0900C86272 /* OnlineTableCell.swift */ = {isa = PBXFileReference; fileEncoding = 4; lastKnownFileType = sourcecode.swift; path = OnlineTableCell.swift; sourceTree = "<group>"; };
		48E30BC01C80E0D200C86272 /* PlayerCollectionCell.swift */ = {isa = PBXFileReference; fileEncoding = 4; lastKnownFileType = sourcecode.swift; path = PlayerCollectionCell.swift; sourceTree = "<group>"; };
		48E30BC21C80EA2400C86272 /* ConnectedCollectionCell.swift */ = {isa = PBXFileReference; fileEncoding = 4; lastKnownFileType = sourcecode.swift; path = ConnectedCollectionCell.swift; sourceTree = "<group>"; };
		48E30BC61C82896400C86272 /* Planet.jpg */ = {isa = PBXFileReference; lastKnownFileType = image.jpeg; name = Planet.jpg; path = ../Planet.jpg; sourceTree = "<group>"; };
		48E30BCA1C835D1800C86272 /* UpdatesCollectionCell.swift */ = {isa = PBXFileReference; fileEncoding = 4; lastKnownFileType = sourcecode.swift; path = UpdatesCollectionCell.swift; sourceTree = "<group>"; };
		48E30BCC1C83689100C86272 /* ChooseGameViewController.swift */ = {isa = PBXFileReference; fileEncoding = 4; lastKnownFileType = sourcecode.swift; path = ChooseGameViewController.swift; sourceTree = "<group>"; };
		48E30BCE1C84B75600C86272 /* DrawingViewController.swift */ = {isa = PBXFileReference; fileEncoding = 4; lastKnownFileType = sourcecode.swift; path = DrawingViewController.swift; sourceTree = "<group>"; };
		48E30BD21C84B7AE00C86272 /* Line.swift */ = {isa = PBXFileReference; fileEncoding = 4; lastKnownFileType = sourcecode.swift; name = Line.swift; path = ../Line.swift; sourceTree = "<group>"; };
		48E30BD41C84BEAA00C86272 /* DrawView.swift */ = {isa = PBXFileReference; fileEncoding = 4; lastKnownFileType = sourcecode.swift; path = DrawView.swift; sourceTree = "<group>"; };
		48E30BD61C84F34100C86272 /* DrawingCollectionViewController.swift */ = {isa = PBXFileReference; fileEncoding = 4; lastKnownFileType = sourcecode.swift; path = DrawingCollectionViewController.swift; sourceTree = "<group>"; };
		48E30BD81C84F3E500C86272 /* DrawingCollectionViewCell.swift */ = {isa = PBXFileReference; fileEncoding = 4; lastKnownFileType = sourcecode.swift; path = DrawingCollectionViewCell.swift; sourceTree = "<group>"; };
		48F6051B1C7F6E9E003056D3 /* WRUT.app */ = {isa = PBXFileReference; explicitFileType = wrapper.application; includeInIndex = 0; path = WRUT.app; sourceTree = BUILT_PRODUCTS_DIR; };
		48F6051E1C7F6E9E003056D3 /* AppDelegate.swift */ = {isa = PBXFileReference; lastKnownFileType = sourcecode.swift; path = AppDelegate.swift; sourceTree = "<group>"; };
		48F605201C7F6E9E003056D3 /* ViewController.swift */ = {isa = PBXFileReference; lastKnownFileType = sourcecode.swift; path = ViewController.swift; sourceTree = "<group>"; };
		48F605231C7F6E9E003056D3 /* Base */ = {isa = PBXFileReference; lastKnownFileType = file.storyboard; name = Base; path = Base.lproj/Main.storyboard; sourceTree = "<group>"; };
		48F605251C7F6E9E003056D3 /* Assets.xcassets */ = {isa = PBXFileReference; lastKnownFileType = folder.assetcatalog; path = Assets.xcassets; sourceTree = "<group>"; };
		48F605281C7F6E9E003056D3 /* Base */ = {isa = PBXFileReference; lastKnownFileType = file.storyboard; name = Base; path = Base.lproj/LaunchScreen.storyboard; sourceTree = "<group>"; };
		48F6052A1C7F6E9E003056D3 /* Info.plist */ = {isa = PBXFileReference; lastKnownFileType = text.plist.xml; path = Info.plist; sourceTree = "<group>"; };
/* End PBXFileReference section */

/* Begin PBXFrameworksBuildPhase section */
		48F605181C7F6E9E003056D3 /* Frameworks */ = {
			isa = PBXFrameworksBuildPhase;
			buildActionMask = 2147483647;
			files = (
			);
			runOnlyForDeploymentPostprocessing = 0;
		};
/* End PBXFrameworksBuildPhase section */

/* Begin PBXGroup section */
		48F605121C7F6E9E003056D3 = {
			isa = PBXGroup;
			children = (
				48F6051D1C7F6E9E003056D3 /* WRUT */,
				48F6051C1C7F6E9E003056D3 /* Products */,
			);
			sourceTree = "<group>";
		};
		48F6051C1C7F6E9E003056D3 /* Products */ = {
			isa = PBXGroup;
			children = (
				48F6051B1C7F6E9E003056D3 /* WRUT.app */,
			);
			name = Products;
			sourceTree = "<group>";
		};
		48F6051D1C7F6E9E003056D3 /* WRUT */ = {
			isa = PBXGroup;
			children = (
				48F6051E1C7F6E9E003056D3 /* AppDelegate.swift */,
				48F605201C7F6E9E003056D3 /* ViewController.swift */,
				48E30BC21C80EA2400C86272 /* ConnectedCollectionCell.swift */,
				48E30BBC1C80B86400C86272 /* ConnectionManager.swift */,
				48E30BB41C7FB23400C86272 /* ProfileViewController.swift */,
				48E30BBA1C80B7C900C86272 /* SelectPlayerViewController.swift */,
				48E30BCC1C83689100C86272 /* ChooseGameViewController.swift */,
				48E30BCE1C84B75600C86272 /* DrawingViewController.swift */,
				48E30BD41C84BEAA00C86272 /* DrawView.swift */,
				48E30BD21C84B7AE00C86272 /* Line.swift */,
				48E30BD61C84F34100C86272 /* DrawingCollectionViewController.swift */,
				48E30BD81C84F3E500C86272 /* DrawingCollectionViewCell.swift */,
				48E30BBE1C80CC0900C86272 /* OnlineTableCell.swift */,
				48E30BC01C80E0D200C86272 /* PlayerCollectionCell.swift */,
				48E30BCA1C835D1800C86272 /* UpdatesCollectionCell.swift */,
				48F605221C7F6E9E003056D3 /* Main.storyboard */,
				48F605251C7F6E9E003056D3 /* Assets.xcassets */,
				48E30BC61C82896400C86272 /* Planet.jpg */,
				48F605271C7F6E9E003056D3 /* LaunchScreen.storyboard */,
				48F6052A1C7F6E9E003056D3 /* Info.plist */,
			);
			path = WRUT;
			sourceTree = "<group>";
		};
/* End PBXGroup section */

/* Begin PBXNativeTarget section */
		48F6051A1C7F6E9E003056D3 /* WRUT */ = {
			isa = PBXNativeTarget;
			buildConfigurationList = 48F6052D1C7F6E9E003056D3 /* Build configuration list for PBXNativeTarget "WRUT" */;
			buildPhases = (
				48F605171C7F6E9E003056D3 /* Sources */,
				48F605181C7F6E9E003056D3 /* Frameworks */,
				48F605191C7F6E9E003056D3 /* Resources */,
			);
			buildRules = (
			);
			dependencies = (
			);
			name = WRUT;
			productName = WRUT;
			productReference = 48F6051B1C7F6E9E003056D3 /* WRUT.app */;
			productType = "com.apple.product-type.application";
		};
/* End PBXNativeTarget section */

/* Begin PBXProject section */
		48F605131C7F6E9E003056D3 /* Project object */ = {
			isa = PBXProject;
			attributes = {
				LastSwiftUpdateCheck = 0720;
				LastUpgradeCheck = 0720;
				ORGANIZATIONNAME = "Narendra Thapa";
				TargetAttributes = {
					48F6051A1C7F6E9E003056D3 = {
						CreatedOnToolsVersion = 7.2;
						DevelopmentTeam = AMFE5PGBZ4;
					};
				};
			};
			buildConfigurationList = 48F605161C7F6E9E003056D3 /* Build configuration list for PBXProject "WRUT" */;
			compatibilityVersion = "Xcode 3.2";
			developmentRegion = English;
			hasScannedForEncodings = 0;
			knownRegions = (
				en,
				Base,
			);
			mainGroup = 48F605121C7F6E9E003056D3;
			productRefGroup = 48F6051C1C7F6E9E003056D3 /* Products */;
			projectDirPath = "";
			projectRoot = "";
			targets = (
				48F6051A1C7F6E9E003056D3 /* WRUT */,
			);
		};
/* End PBXProject section */

/* Begin PBXResourcesBuildPhase section */
		48F605191C7F6E9E003056D3 /* Resources */ = {
			isa = PBXResourcesBuildPhase;
			buildActionMask = 2147483647;
			files = (
				48F605291C7F6E9E003056D3 /* LaunchScreen.storyboard in Resources */,
				48F605261C7F6E9E003056D3 /* Assets.xcassets in Resources */,
				48F605241C7F6E9E003056D3 /* Main.storyboard in Resources */,
				48E30BC71C82896400C86272 /* Planet.jpg in Resources */,
			);
			runOnlyForDeploymentPostprocessing = 0;
		};
/* End PBXResourcesBuildPhase section */

/* Begin PBXSourcesBuildPhase section */
		48F605171C7F6E9E003056D3 /* Sources */ = {
			isa = PBXSourcesBuildPhase;
			buildActionMask = 2147483647;
			files = (
				48E30BBD1C80B86400C86272 /* ConnectionManager.swift in Sources */,
				48E30BC11C80E0D200C86272 /* PlayerCollectionCell.swift in Sources */,
				48E30BB51C7FB23400C86272 /* ProfileViewController.swift in Sources */,
				48F605211C7F6E9E003056D3 /* ViewController.swift in Sources */,
				48E30BBF1C80CC0900C86272 /* OnlineTableCell.swift in Sources */,
				48E30BCD1C83689100C86272 /* ChooseGameViewController.swift in Sources */,
				48E30BCF1C84B75600C86272 /* DrawingViewController.swift in Sources */,
				48E30BBB1C80B7C900C86272 /* SelectPlayerViewController.swift in Sources */,
				48E30BD51C84BEAA00C86272 /* DrawView.swift in Sources */,
				48E30BD91C84F3E500C86272 /* DrawingCollectionViewCell.swift in Sources */,
				48E30BD71C84F34100C86272 /* DrawingCollectionViewController.swift in Sources */,
				48F6051F1C7F6E9E003056D3 /* AppDelegate.swift in Sources */,
				48E30BD31C84B7AE00C86272 /* Line.swift in Sources */,
				48E30BC31C80EA2400C86272 /* ConnectedCollectionCell.swift in Sources */,
				48E30BCB1C835D1800C86272 /* UpdatesCollectionCell.swift in Sources */,
			);
			runOnlyForDeploymentPostprocessing = 0;
		};
/* End PBXSourcesBuildPhase section */

/* Begin PBXVariantGroup section */
		48F605221C7F6E9E003056D3 /* Main.storyboard */ = {
			isa = PBXVariantGroup;
			children = (
				48F605231C7F6E9E003056D3 /* Base */,
			);
			name = Main.storyboard;
			sourceTree = "<group>";
		};
		48F605271C7F6E9E003056D3 /* LaunchScreen.storyboard */ = {
			isa = PBXVariantGroup;
			children = (
				48F605281C7F6E9E003056D3 /* Base */,
			);
			name = LaunchScreen.storyboard;
			sourceTree = "<group>";
		};
/* End PBXVariantGroup section */

/* Begin XCBuildConfiguration section */
		48F6052B1C7F6E9E003056D3 /* Debug */ = {
			isa = XCBuildConfiguration;
			buildSettings = {
				ALWAYS_SEARCH_USER_PATHS = NO;
				CLANG_CXX_LANGUAGE_STANDARD = "gnu++0x";
				CLANG_CXX_LIBRARY = "libc++";
				CLANG_ENABLE_MODULES = YES;
				CLANG_ENABLE_OBJC_ARC = YES;
				CLANG_WARN_BOOL_CONVERSION = YES;
				CLANG_WARN_CONSTANT_CONVERSION = YES;
				CLANG_WARN_DIRECT_OBJC_ISA_USAGE = YES_ERROR;
				CLANG_WARN_EMPTY_BODY = YES;
				CLANG_WARN_ENUM_CONVERSION = YES;
				CLANG_WARN_INT_CONVERSION = YES;
				CLANG_WARN_OBJC_ROOT_CLASS = YES_ERROR;
				CLANG_WARN_UNREACHABLE_CODE = YES;
				CLANG_WARN__DUPLICATE_METHOD_MATCH = YES;
				"CODE_SIGN_IDENTITY[sdk=iphoneos*]" = "iPhone Developer";
				COPY_PHASE_STRIP = NO;
				DEBUG_INFORMATION_FORMAT = dwarf;
				ENABLE_STRICT_OBJC_MSGSEND = YES;
				ENABLE_TESTABILITY = YES;
				GCC_C_LANGUAGE_STANDARD = gnu99;
				GCC_DYNAMIC_NO_PIC = NO;
				GCC_NO_COMMON_BLOCKS = YES;
				GCC_OPTIMIZATION_LEVEL = 0;
				GCC_PREPROCESSOR_DEFINITIONS = (
					"DEBUG=1",
					"$(inherited)",
				);
				GCC_WARN_64_TO_32_BIT_CONVERSION = YES;
				GCC_WARN_ABOUT_RETURN_TYPE = YES_ERROR;
				GCC_WARN_UNDECLARED_SELECTOR = YES;
				GCC_WARN_UNINITIALIZED_AUTOS = YES_AGGRESSIVE;
				GCC_WARN_UNUSED_FUNCTION = YES;
				GCC_WARN_UNUSED_VARIABLE = YES;
				IPHONEOS_DEPLOYMENT_TARGET = 9.2;
				MTL_ENABLE_DEBUG_INFO = YES;
				ONLY_ACTIVE_ARCH = YES;
				SDKROOT = iphoneos;
				SWIFT_OPTIMIZATION_LEVEL = "-Onone";
				TARGETED_DEVICE_FAMILY = "1,2";
			};
			name = Debug;
		};
		48F6052C1C7F6E9E003056D3 /* Release */ = {
			isa = XCBuildConfiguration;
			buildSettings = {
				ALWAYS_SEARCH_USER_PATHS = NO;
				CLANG_CXX_LANGUAGE_STANDARD = "gnu++0x";
				CLANG_CXX_LIBRARY = "libc++";
				CLANG_ENABLE_MODULES = YES;
				CLANG_ENABLE_OBJC_ARC = YES;
				CLANG_WARN_BOOL_CONVERSION = YES;
				CLANG_WARN_CONSTANT_CONVERSION = YES;
				CLANG_WARN_DIRECT_OBJC_ISA_USAGE = YES_ERROR;
				CLANG_WARN_EMPTY_BODY = YES;
				CLANG_WARN_ENUM_CONVERSION = YES;
				CLANG_WARN_INT_CONVERSION = YES;
				CLANG_WARN_OBJC_ROOT_CLASS = YES_ERROR;
				CLANG_WARN_UNREACHABLE_CODE = YES;
				CLANG_WARN__DUPLICATE_METHOD_MATCH = YES;
				"CODE_SIGN_IDENTITY[sdk=iphoneos*]" = "iPhone Developer";
				COPY_PHASE_STRIP = NO;
				DEBUG_INFORMATION_FORMAT = "dwarf-with-dsym";
				ENABLE_NS_ASSERTIONS = NO;
				ENABLE_STRICT_OBJC_MSGSEND = YES;
				GCC_C_LANGUAGE_STANDARD = gnu99;
				GCC_NO_COMMON_BLOCKS = YES;
				GCC_WARN_64_TO_32_BIT_CONVERSION = YES;
				GCC_WARN_ABOUT_RETURN_TYPE = YES_ERROR;
				GCC_WARN_UNDECLARED_SELECTOR = YES;
				GCC_WARN_UNINITIALIZED_AUTOS = YES_AGGRESSIVE;
				GCC_WARN_UNUSED_FUNCTION = YES;
				GCC_WARN_UNUSED_VARIABLE = YES;
				IPHONEOS_DEPLOYMENT_TARGET = 9.2;
				MTL_ENABLE_DEBUG_INFO = NO;
				SDKROOT = iphoneos;
				TARGETED_DEVICE_FAMILY = "1,2";
				VALIDATE_PRODUCT = YES;
			};
			name = Release;
		};
		48F6052E1C7F6E9E003056D3 /* Debug */ = {
			isa = XCBuildConfiguration;
			buildSettings = {
				ASSETCATALOG_COMPILER_APPICON_NAME = AppIcon;
				CODE_SIGN_IDENTITY = "iPhone Developer";
				"CODE_SIGN_IDENTITY[sdk=iphoneos*]" = "iPhone Developer";
				INFOPLIST_FILE = WRUT/Info.plist;
				LD_RUNPATH_SEARCH_PATHS = "$(inherited) @executable_path/Frameworks";
				PRODUCT_BUNDLE_IDENTIFIER = com.NarendraThapa.WRUT;
				PRODUCT_NAME = "$(TARGET_NAME)";
				PROVISIONING_PROFILE = "";
			};
			name = Debug;
		};
		48F6052F1C7F6E9E003056D3 /* Release */ = {
			isa = XCBuildConfiguration;
			buildSettings = {
				ASSETCATALOG_COMPILER_APPICON_NAME = AppIcon;
				CODE_SIGN_IDENTITY = "iPhone Developer";
				"CODE_SIGN_IDENTITY[sdk=iphoneos*]" = "iPhone Developer";
				INFOPLIST_FILE = WRUT/Info.plist;
				LD_RUNPATH_SEARCH_PATHS = "$(inherited) @executable_path/Frameworks";
				PRODUCT_BUNDLE_IDENTIFIER = com.NarendraThapa.WRUT;
				PRODUCT_NAME = "$(TARGET_NAME)";
				PROVISIONING_PROFILE = "";
			};
			name = Release;
		};
/* End XCBuildConfiguration section */

/* Begin XCConfigurationList section */
		48F605161C7F6E9E003056D3 /* Build configuration list for PBXProject "WRUT" */ = {
			isa = XCConfigurationList;
			buildConfigurations = (
				48F6052B1C7F6E9E003056D3 /* Debug */,
				48F6052C1C7F6E9E003056D3 /* Release */,
			);
			defaultConfigurationIsVisible = 0;
			defaultConfigurationName = Release;
		};
		48F6052D1C7F6E9E003056D3 /* Build configuration list for PBXNativeTarget "WRUT" */ = {
			isa = XCConfigurationList;
			buildConfigurations = (
				48F6052E1C7F6E9E003056D3 /* Debug */,
				48F6052F1C7F6E9E003056D3 /* Release */,
			);
			defaultConfigurationIsVisible = 0;
			defaultConfigurationName = Release;
		};
/* End XCConfigurationList section */
	};
	rootObject = 48F605131C7F6E9E003056D3 /* Project object */;
}
